Microsoft Visual Studio Solution File, Format Version 12.00
# Visual Studio Version 17
VisualStudioVersion = 17.5.2.0
MinimumVisualStudioVersion = 10.0.40219.1
Project("{2150E333-8FDC-42A3-9474-1A3956D46DE8}") = "src", "src", "{827E0CD3-B72D-47B6-A68D-7590B98EB39B}"
EndProject
Project("{FAE04EC0-301F-11D3-BF4B-00C04F79EFBC}") = "SwingEdgeScreener", "src\SwingEdgeScreener\SwingEdgeScreener.csproj", "{AE7BA871-5D38-390B-D4D2-1FD6521F4CDB}"
EndProject
Global
	GlobalSection(SolutionConfigurationPlatforms) = preSolution
		Debug|Any CPU = Debug|Any CPU
		Release|Any CPU = Release|Any CPU
	EndGlobalSection
	GlobalSection(ProjectConfigurationPlatforms) = postSolution
		{AE7BA871-5D38-390B-D4D2-1FD6521F4CDB}.Debug|Any CPU.ActiveCfg = Debug|Any CPU
		{AE7BA871-5D38-390B-D4D2-1FD6521F4CDB}.Debug|Any CPU.Build.0 = Debug|Any CPU
		{AE7BA871-5D38-390B-D4D2-1FD6521F4CDB}.Release|Any CPU.ActiveCfg = Release|Any CPU
		{AE7BA871-5D38-390B-D4D2-1FD6521F4CDB}.Release|Any CPU.Build.0 = Release|Any CPU
	EndGlobalSection
	GlobalSection(SolutionProperties) = preSolution
		HideSolutionNode = FALSE
	EndGlobalSection
	GlobalSection(NestedProjects) = preSolution
		{AE7BA871-5D38-390B-D4D2-1FD6521F4CDB} = {827E0CD3-B72D-47B6-A68D-7590B98EB39B}
	EndGlobalSection
	GlobalSection(ExtensibilityGlobals) = postSolution
		SolutionGuid = {D85D9550-CECB-4A4B-90EF-0449862337C7}
	EndGlobalSection
EndGlobal
